
Microsoft Visual Studio Solution File, Format Version 10.00
# Visual Studio 2008
Project("{2150E333-8FDC-42A3-9474-1A3956D46DE8}") = "Service", "Service", "{62DDE709-AE4E-4A12-9E7A-858AEF230865}"
EndProject
Project("{2150E333-8FDC-42A3-9474-1A3956D46DE8}") = "Common", "Common", "{B47BC6D6-EA00-4207-A21D-7039FE4FD8FB}"
EndProject
Project("{FAE04EC0-301F-11D3-BF4B-00C04F79EFBC}") = "IService", "IService\IService.csproj", "{1852B1B1-91E5-4005-941A-C9093DE15BB1}"
EndProject
Project("{FAE04EC0-301F-11D3-BF4B-00C04F79EFBC}") = "ZTFramework.Common", "ZTFramework.Common\ZTFramework.Common.csproj", "{56C70F66-7E12-48A8-A452-B26B642A2F32}"
EndProject
Project("{FAE04EC0-301F-11D3-BF4B-00C04F79EFBC}") = "ZTFramework.Log", "ZTFramework.Log\ZTFramework.Log.csproj", "{821F2FA6-1F44-4621-84DE-96E65E35610D}"
EndProject
Project("{FAE04EC0-301F-11D3-BF4B-00C04F79EFBC}") = "Wcf.Model", "WcfModel\Wcf.Model.csproj", "{101ED2BA-2609-497A-93B7-42F7BDAD5DED}"
EndProject
Project("{2150E333-8FDC-42A3-9474-1A3956D46DE8}") = "Models", "Models", "{2F38876F-0E67-4C91-B250-6DB62E18CA10}"
EndProject
Project("{FAE04EC0-301F-11D3-BF4B-00C04F79EFBC}") = "Monitor.Model", "Monitor.Model\Monitor.Model.csproj", "{A47356A5-70B0-47B1-99E0-952610DF4BFF}"
EndProject
Project("{FAE04EC0-301F-11D3-BF4B-00C04F79EFBC}") = "ZF.PublicFun", "ZF.PublicFun\ZF.PublicFun.csproj", "{0910615E-A45A-44EB-9475-43AC411C7BF5}"
EndProject
Project("{FAE04EC0-301F-11D3-BF4B-00C04F79EFBC}") = "Service", "Service\Service.csproj", "{51CF7FEA-2572-4D13-B70E-3DC2B59C09E9}"
EndProject
Project("{2150E333-8FDC-42A3-9474-1A3956D46DE8}") = "ZF.Common", "ZF.Common", "{A33358E0-31CF-4454-A5CC-5CA728A6C8BA}"
EndProject
Project("{2150E333-8FDC-42A3-9474-1A3956D46DE8}") = "ZT.Monitor", "ZT.Monitor", "{FEDE332F-92A0-4B56-B492-4C1CCC1820BD}"
EndProject
Project("{FAE04EC0-301F-11D3-BF4B-00C04F79EFBC}") = "ZT.Monitor.BaseInterface", "ZT.Monitor\ZT.Monitor.BaseInterface\ZT.Monitor.BaseInterface.csproj", "{AF717E4F-9514-4C41-B2B2-765A20B37C2D}"
EndProject
Project("{FAE04EC0-301F-11D3-BF4B-00C04F79EFBC}") = "ZT.Plugin", "ZT.Monitor\ZT.Plugin\ZT.Plugin.csproj", "{0842B446-7437-4F12-958D-5E6C7C4A994A}"
EndProject
Project("{FAE04EC0-301F-11D3-BF4B-00C04F79EFBC}") = "ZT.ReportStat", "ZT.ReportStat\ZT.ReportStat.csproj", "{4961C843-47F8-4BB8-83BD-DE8551F3E20B}"
EndProject
Project("{FAE04EC0-301F-11D3-BF4B-00C04F79EFBC}") = "ZT.StatPanel", "ZT.StatPanel\ZT.StatPanel.csproj", "{8F18AD9D-5A0A-421A-A0B2-DBE460B53502}"
EndProject
Project("{FAE04EC0-301F-11D3-BF4B-00C04F79EFBC}") = "ztLandUsingAllReport", "ztLandUsingAllReport\ztLandUsingAllReport.csproj", "{CB083C9B-32D9-4582-95D0-980E3C9F6423}"
EndProject
Project("{2150E333-8FDC-42A3-9474-1A3956D46DE8}") = "View", "View", "{BF38B85A-2E72-49C1-A876-74E89208644A}"
EndProject
Project("{FAE04EC0-301F-11D3-BF4B-00C04F79EFBC}") = "ZF.Report", "ZF.Report\ZF.Report.csproj", "{99265A53-1080-41D1-BFF3-4E61A0E38192}"
EndProject
Project("{FAE04EC0-301F-11D3-BF4B-00C04F79EFBC}") = "ZF.Card", "ZF.Card\ZF.Card.csproj", "{46A7AA5A-7FCF-4690-9348-965E32FB9EB4}"
EndProject
Project("{FAE04EC0-301F-11D3-BF4B-00C04F79EFBC}") = "ZTViewMap", "ZTViewMap\ZTViewMap.csproj", "{323C9AAE-26FA-4075-892F-8169586B3504}"
EndProject
Project("{FAE04EC0-301F-11D3-BF4B-00C04F79EFBC}") = "ZT.User", "ZT.UI.User\ZT.User.csproj", "{3CF55682-37A8-4C1E-B1A8-C4D7C58B1B38}"
EndProject
Project("{FAE04EC0-301F-11D3-BF4B-00C04F79EFBC}") = "PrjTree", "PrjTree\PrjTree.csproj", "{4948B20F-C746-4B59-A4F6-65E4EAAFD988}"
EndProject
Project("{FAE04EC0-301F-11D3-BF4B-00C04F79EFBC}") = "ZTNewPrj", "ZTNewPrj\ZTNewPrj.csproj", "{D07ABCB3-C340-45DD-A440-CD10AC0EBB4E}"
EndProject
Project("{FAE04EC0-301F-11D3-BF4B-00C04F79EFBC}") = "ZTOpenPrj", "ZTOpenPrj\ZTOpenPrj.csproj", "{A72DA8A3-C99F-400D-BBD9-AA77FE09DF6C}"
EndProject
Project("{FAE04EC0-301F-11D3-BF4B-00C04F79EFBC}") = "ZTJCPublic", "ZTJCPublic\ZTJCPublic.csproj", "{D305997D-1210-4ED3-9BAF-9C93D2D3E127}"
EndProject
Project("{FAE04EC0-301F-11D3-BF4B-00C04F79EFBC}") = "ZT.Monitor.Task", "ZT.Monitor\ZT.Monitor.Task\ZT.Monitor.Task.csproj", "{E9B32749-D1C1-42D1-8D07-179AF39ACED3}"
EndProject
Project("{FAE04EC0-301F-11D3-BF4B-00C04F79EFBC}") = "ZTFrameCom", "ZTFrameCom\ZTFrameCom.csproj", "{4E100EC5-3784-4A74-A537-B2D33DF1B8A4}"
EndProject
Project("{FAE04EC0-301F-11D3-BF4B-00C04F79EFBC}") = "ZTFramework.Model", "ZTFramework.Model\ZTFramework.Model.csproj", "{F03680BF-8F4E-4691-92DD-D3A616C4DCC7}"
EndProject
Project("{FAE04EC0-301F-11D3-BF4B-00C04F79EFBC}") = "ZTFramework.Data", "ZTFramework.Data\ZTFramework.Data.csproj", "{50233FCB-7C0D-486B-A867-D8495FCF96A4}"
EndProject
Project("{FAE04EC0-301F-11D3-BF4B-00C04F79EFBC}") = "ZF.Main", "ZF.Main\ZF.Main.csproj", "{B2DCE996-9BB7-4272-B2BB-C8EC61EEF6FC}"
EndProject
Project("{FAE04EC0-301F-11D3-BF4B-00C04F79EFBC}") = "ZT.SystemManager", "ZT.SystemManager\ZT.SystemManager.csproj", "{53ECACC0-EE6E-413D-B2E5-9D017471B761}"
EndProject
Project("{FAE04EC0-301F-11D3-BF4B-00C04F79EFBC}") = "ZTSupermap", "ZTSupermap\ZTSupermap.csproj", "{F41473BD-A1DC-46D6-BD7B-1108E961F2FC}"
EndProject
Project("{FAE04EC0-301F-11D3-BF4B-00C04F79EFBC}") = "ZF.Person", "ZF.Person\ZF.Person.csproj", "{32DC3DFC-DDC5-4FCA-898A-9F1F9C18074C}"
EndProject
Project("{FAE04EC0-301F-11D3-BF4B-00C04F79EFBC}") = "ZFRegionTree", "ZFRegion\ZFRegionTree.csproj", "{7D1EB9EB-4D53-451F-AFE4-C64B45ABC131}"
EndProject
Project("{FAE04EC0-301F-11D3-BF4B-00C04F79EFBC}") = "AppMonitor", "AppMonitor\AppMonitor.csproj", "{1D82D9C1-DDDE-4D1D-AE53-9EBAB8E1135C}"
EndProject
Project("{FAE04EC0-301F-11D3-BF4B-00C04F79EFBC}") = "ZT.Monitor.BusinessData", "ZT.Monitor\ZT.Monitor.BusinessData\ZT.Monitor.BusinessData.csproj", "{07260585-EB27-4A45-B90F-C427BDF38E42}"
EndProject
Project("{FAE04EC0-301F-11D3-BF4B-00C04F79EFBC}") = "ZT.Monitor.TaskTree", "ZT.Monitor\ZT.Monitor.TaskTree\ZT.Monitor.TaskTree.csproj", "{EBB413D3-D7EF-4C02-97DE-701B69CA3AA8}"
EndProject
Project("{FAE04EC0-301F-11D3-BF4B-00C04F79EFBC}") = "ZT.StatParse", "ZT.StatParse\ZT.StatParse.csproj", "{E15AA689-56BD-4FD2-93A0-B83E205E2980}"
EndProject
Project("{FAE04EC0-301F-11D3-BF4B-00C04F79EFBC}") = "ZTSystemConfig", "ZTSystemConfig\ZTSystemConfig.csproj", "{1245A56B-178D-4797-B4F9-5804C8A2D3E7}"
EndProject
Project("{FAE04EC0-301F-11D3-BF4B-00C04F79EFBC}") = "ZTCore", "ZTCore\ZTCore.csproj", "{3122DEA9-8024-429C-BE6A-1F773DA2D460}"
EndProject
Project("{FAE04EC0-301F-11D3-BF4B-00C04F79EFBC}") = "DataOperate", "DataOperate\DataOperate.csproj", "{B0FE6CF5-8F58-427D-A151-DEE2E9F78151}"
EndProject
Project("{FAE04EC0-301F-11D3-BF4B-00C04F79EFBC}") = "ZT.ExecuteLog", "ZT.ExecuteLog\ZT.ExecuteLog.csproj", "{B2EE99E4-82CD-464A-B9D1-100FFECEED6A}"
EndProject
Project("{FAE04EC0-301F-11D3-BF4B-00C04F79EFBC}") = "AppExportData", "AppExportData\AppExportData.csproj", "{3D1A339B-46A9-4348-A512-1055BC2EEC2F}"
EndProject
Global
	GlobalSection(SolutionConfigurationPlatforms) = preSolution
		Debug|Any CPU = Debug|Any CPU
		Debug|x86 = Debug|x86
		Release|Any CPU = Release|Any CPU
		Release|x86 = Release|x86
	EndGlobalSection
	GlobalSection(ProjectConfigurationPlatforms) = postSolution
		{1852B1B1-91E5-4005-941A-C9093DE15BB1}.Debug|Any CPU.ActiveCfg = Debug|Any CPU
		{1852B1B1-91E5-4005-941A-C9093DE15BB1}.Debug|Any CPU.Build.0 = Debug|Any CPU
		{1852B1B1-91E5-4005-941A-C9093DE15BB1}.Debug|x86.ActiveCfg = Debug|Any CPU
		{1852B1B1-91E5-4005-941A-C9093DE15BB1}.Release|Any CPU.ActiveCfg = Release|Any CPU
		{1852B1B1-91E5-4005-941A-C9093DE15BB1}.Release|Any CPU.Build.0 = Release|Any CPU
		{1852B1B1-91E5-4005-941A-C9093DE15BB1}.Release|x86.ActiveCfg = Release|Any CPU
		{56C70F66-7E12-48A8-A452-B26B642A2F32}.Debug|Any CPU.ActiveCfg = Debug|Any CPU
		{56C70F66-7E12-48A8-A452-B26B642A2F32}.Debug|Any CPU.Build.0 = Debug|Any CPU
		{56C70F66-7E12-48A8-A452-B26B642A2F32}.Debug|x86.ActiveCfg = Debug|Any CPU
		{56C70F66-7E12-48A8-A452-B26B642A2F32}.Release|Any CPU.ActiveCfg = Release|Any CPU
		{56C70F66-7E12-48A8-A452-B26B642A2F32}.Release|Any CPU.Build.0 = Release|Any CPU
		{56C70F66-7E12-48A8-A452-B26B642A2F32}.Release|x86.ActiveCfg = Release|Any CPU
		{821F2FA6-1F44-4621-84DE-96E65E35610D}.Debug|Any CPU.ActiveCfg = Debug|Any CPU
		{821F2FA6-1F44-4621-84DE-96E65E35610D}.Debug|Any CPU.Build.0 = Debug|Any CPU
		{821F2FA6-1F44-4621-84DE-96E65E35610D}.Debug|x86.ActiveCfg = Debug|Any CPU
		{821F2FA6-1F44-4621-84DE-96E65E35610D}.Release|Any CPU.ActiveCfg = Release|Any CPU
		{821F2FA6-1F44-4621-84DE-96E65E35610D}.Release|Any CPU.Build.0 = Release|Any CPU
		{821F2FA6-1F44-4621-84DE-96E65E35610D}.Release|x86.ActiveCfg = Release|Any CPU
		{101ED2BA-2609-497A-93B7-42F7BDAD5DED}.Debug|Any CPU.ActiveCfg = Debug|Any CPU
		{101ED2BA-2609-497A-93B7-42F7BDAD5DED}.Debug|Any CPU.Build.0 = Debug|Any CPU
		{101ED2BA-2609-497A-93B7-42F7BDAD5DED}.Debug|x86.ActiveCfg = Debug|Any CPU
		{101ED2BA-2609-497A-93B7-42F7BDAD5DED}.Release|Any CPU.ActiveCfg = Release|Any CPU
		{101ED2BA-2609-497A-93B7-42F7BDAD5DED}.Release|Any CPU.Build.0 = Release|Any CPU
		{101ED2BA-2609-497A-93B7-42F7BDAD5DED}.Release|x86.ActiveCfg = Release|Any CPU
		{A47356A5-70B0-47B1-99E0-952610DF4BFF}.Debug|Any CPU.ActiveCfg = Debug|Any CPU
		{A47356A5-70B0-47B1-99E0-952610DF4BFF}.Debug|Any CPU.Build.0 = Debug|Any CPU
		{A47356A5-70B0-47B1-99E0-952610DF4BFF}.Debug|x86.ActiveCfg = Debug|Any CPU
		{A47356A5-70B0-47B1-99E0-952610DF4BFF}.Release|Any CPU.ActiveCfg = Release|Any CPU
		{A47356A5-70B0-47B1-99E0-952610DF4BFF}.Release|Any CPU.Build.0 = Release|Any CPU
		{A47356A5-70B0-47B1-99E0-952610DF4BFF}.Release|x86.ActiveCfg = Release|Any CPU
		{0910615E-A45A-44EB-9475-43AC411C7BF5}.Debug|Any CPU.ActiveCfg = Debug|Any CPU
		{0910615E-A45A-44EB-9475-43AC411C7BF5}.Debug|Any CPU.Build.0 = Debug|Any CPU
		{0910615E-A45A-44EB-9475-43AC411C7BF5}.Debug|x86.ActiveCfg = Debug|Any CPU
		{0910615E-A45A-44EB-9475-43AC411C7BF5}.Release|Any CPU.ActiveCfg = Release|Any CPU
		{0910615E-A45A-44EB-9475-43AC411C7BF5}.Release|Any CPU.Build.0 = Release|Any CPU
		{0910615E-A45A-44EB-9475-43AC411C7BF5}.Release|x86.ActiveCfg = Release|Any CPU
		{51CF7FEA-2572-4D13-B70E-3DC2B59C09E9}.Debug|Any CPU.ActiveCfg = Debug|Any CPU
		{51CF7FEA-2572-4D13-B70E-3DC2B59C09E9}.Debug|Any CPU.Build.0 = Debug|Any CPU
		{51CF7FEA-2572-4D13-B70E-3DC2B59C09E9}.Debug|x86.ActiveCfg = Debug|Any CPU
		{51CF7FEA-2572-4D13-B70E-3DC2B59C09E9}.Release|Any CPU.ActiveCfg = Release|Any CPU
		{51CF7FEA-2572-4D13-B70E-3DC2B59C09E9}.Release|Any CPU.Build.0 = Release|Any CPU
		{51CF7FEA-2572-4D13-B70E-3DC2B59C09E9}.Release|x86.ActiveCfg = Release|Any CPU
		{AF717E4F-9514-4C41-B2B2-765A20B37C2D}.Debug|Any CPU.ActiveCfg = Debug|Any CPU
		{AF717E4F-9514-4C41-B2B2-765A20B37C2D}.Debug|Any CPU.Build.0 = Debug|Any CPU
		{AF717E4F-9514-4C41-B2B2-765A20B37C2D}.Debug|x86.ActiveCfg = Debug|Any CPU
		{AF717E4F-9514-4C41-B2B2-765A20B37C2D}.Release|Any CPU.ActiveCfg = Release|Any CPU
		{AF717E4F-9514-4C41-B2B2-765A20B37C2D}.Release|Any CPU.Build.0 = Release|Any CPU
		{AF717E4F-9514-4C41-B2B2-765A20B37C2D}.Release|x86.ActiveCfg = Release|Any CPU
		{0842B446-7437-4F12-958D-5E6C7C4A994A}.Debug|Any CPU.ActiveCfg = Debug|Any CPU
		{0842B446-7437-4F12-958D-5E6C7C4A994A}.Debug|Any CPU.Build.0 = Debug|Any CPU
		{0842B446-7437-4F12-958D-5E6C7C4A994A}.Debug|x86.ActiveCfg = Debug|Any CPU
		{0842B446-7437-4F12-958D-5E6C7C4A994A}.Release|Any CPU.ActiveCfg = Release|Any CPU
		{0842B446-7437-4F12-958D-5E6C7C4A994A}.Release|Any CPU.Build.0 = Release|Any CPU
		{0842B446-7437-4F12-958D-5E6C7C4A994A}.Release|x86.ActiveCfg = Release|Any CPU
		{4961C843-47F8-4BB8-83BD-DE8551F3E20B}.Debug|Any CPU.ActiveCfg = Debug|Any CPU
		{4961C843-47F8-4BB8-83BD-DE8551F3E20B}.Debug|Any CPU.Build.0 = Debug|Any CPU
		{4961C843-47F8-4BB8-83BD-DE8551F3E20B}.Debug|x86.ActiveCfg = Debug|Any CPU
		{4961C843-47F8-4BB8-83BD-DE8551F3E20B}.Release|Any CPU.ActiveCfg = Release|Any CPU
		{4961C843-47F8-4BB8-83BD-DE8551F3E20B}.Release|Any CPU.Build.0 = Release|Any CPU
		{4961C843-47F8-4BB8-83BD-DE8551F3E20B}.Release|x86.ActiveCfg = Release|Any CPU
		{8F18AD9D-5A0A-421A-A0B2-DBE460B53502}.Debug|Any CPU.ActiveCfg = Debug|Any CPU
		{8F18AD9D-5A0A-421A-A0B2-DBE460B53502}.Debug|Any CPU.Build.0 = Debug|Any CPU
		{8F18AD9D-5A0A-421A-A0B2-DBE460B53502}.Debug|x86.ActiveCfg = Debug|Any CPU
		{8F18AD9D-5A0A-421A-A0B2-DBE460B53502}.Release|Any CPU.ActiveCfg = Release|Any CPU
		{8F18AD9D-5A0A-421A-A0B2-DBE460B53502}.Release|Any CPU.Build.0 = Release|Any CPU
		{8F18AD9D-5A0A-421A-A0B2-DBE460B53502}.Release|x86.ActiveCfg = Release|Any CPU
		{CB083C9B-32D9-4582-95D0-980E3C9F6423}.Debug|Any CPU.ActiveCfg = Debug|Any CPU
		{CB083C9B-32D9-4582-95D0-980E3C9F6423}.Debug|Any CPU.Build.0 = Debug|Any CPU
		{CB083C9B-32D9-4582-95D0-980E3C9F6423}.Debug|x86.ActiveCfg = Debug|Any CPU
		{CB083C9B-32D9-4582-95D0-980E3C9F6423}.Release|Any CPU.ActiveCfg = Release|Any CPU
		{CB083C9B-32D9-4582-95D0-980E3C9F6423}.Release|Any CPU.Build.0 = Release|Any CPU
		{CB083C9B-32D9-4582-95D0-980E3C9F6423}.Release|x86.ActiveCfg = Release|Any CPU
		{99265A53-1080-41D1-BFF3-4E61A0E38192}.Debug|Any CPU.ActiveCfg = Debug|Any CPU
		{99265A53-1080-41D1-BFF3-4E61A0E38192}.Debug|Any CPU.Build.0 = Debug|Any CPU
		{99265A53-1080-41D1-BFF3-4E61A0E38192}.Debug|x86.ActiveCfg = Debug|Any CPU
		{99265A53-1080-41D1-BFF3-4E61A0E38192}.Release|Any CPU.ActiveCfg = Release|Any CPU
		{99265A53-1080-41D1-BFF3-4E61A0E38192}.Release|Any CPU.Build.0 = Release|Any CPU
		{99265A53-1080-41D1-BFF3-4E61A0E38192}.Release|x86.ActiveCfg = Release|Any CPU
		{46A7AA5A-7FCF-4690-9348-965E32FB9EB4}.Debug|Any CPU.ActiveCfg = Debug|Any CPU
		{46A7AA5A-7FCF-4690-9348-965E32FB9EB4}.Debug|Any CPU.Build.0 = Debug|Any CPU
		{46A7AA5A-7FCF-4690-9348-965E32FB9EB4}.Debug|x86.ActiveCfg = Debug|Any CPU
		{46A7AA5A-7FCF-4690-9348-965E32FB9EB4}.Release|Any CPU.ActiveCfg = Release|Any CPU
		{46A7AA5A-7FCF-4690-9348-965E32FB9EB4}.Release|Any CPU.Build.0 = Release|Any CPU
		{46A7AA5A-7FCF-4690-9348-965E32FB9EB4}.Release|x86.ActiveCfg = Release|Any CPU
		{323C9AAE-26FA-4075-892F-8169586B3504}.Debug|Any CPU.ActiveCfg = Debug|Any CPU
		{323C9AAE-26FA-4075-892F-8169586B3504}.Debug|Any CPU.Build.0 = Debug|Any CPU
		{323C9AAE-26FA-4075-892F-8169586B3504}.Debug|x86.ActiveCfg = Debug|Any CPU
		{323C9AAE-26FA-4075-892F-8169586B3504}.Release|Any CPU.ActiveCfg = Release|Any CPU
		{323C9AAE-26FA-4075-892F-8169586B3504}.Release|Any CPU.Build.0 = Release|Any CPU
		{323C9AAE-26FA-4075-892F-8169586B3504}.Release|x86.ActiveCfg = Release|Any CPU
		{3CF55682-37A8-4C1E-B1A8-C4D7C58B1B38}.Debug|Any CPU.ActiveCfg = Debug|Any CPU
		{3CF55682-37A8-4C1E-B1A8-C4D7C58B1B38}.Debug|Any CPU.Build.0 = Debug|Any CPU
		{3CF55682-37A8-4C1E-B1A8-C4D7C58B1B38}.Debug|x86.ActiveCfg = Debug|Any CPU
		{3CF55682-37A8-4C1E-B1A8-C4D7C58B1B38}.Release|Any CPU.ActiveCfg = Release|Any CPU
		{3CF55682-37A8-4C1E-B1A8-C4D7C58B1B38}.Release|Any CPU.Build.0 = Release|Any CPU
		{3CF55682-37A8-4C1E-B1A8-C4D7C58B1B38}.Release|x86.ActiveCfg = Release|Any CPU
		{4948B20F-C746-4B59-A4F6-65E4EAAFD988}.Debug|Any CPU.ActiveCfg = Debug|Any CPU
		{4948B20F-C746-4B59-A4F6-65E4EAAFD988}.Debug|Any CPU.Build.0 = Debug|Any CPU
		{4948B20F-C746-4B59-A4F6-65E4EAAFD988}.Debug|x86.ActiveCfg = Debug|x86
		{4948B20F-C746-4B59-A4F6-65E4EAAFD988}.Debug|x86.Build.0 = Debug|x86
		{4948B20F-C746-4B59-A4F6-65E4EAAFD988}.Release|Any CPU.ActiveCfg = Release|Any CPU
		{4948B20F-C746-4B59-A4F6-65E4EAAFD988}.Release|Any CPU.Build.0 = Release|Any CPU
		{4948B20F-C746-4B59-A4F6-65E4EAAFD988}.Release|x86.ActiveCfg = Release|x86
		{4948B20F-C746-4B59-A4F6-65E4EAAFD988}.Release|x86.Build.0 = Release|x86
		{D07ABCB3-C340-45DD-A440-CD10AC0EBB4E}.Debug|Any CPU.ActiveCfg = Debug|Any CPU
		{D07ABCB3-C340-45DD-A440-CD10AC0EBB4E}.Debug|Any CPU.Build.0 = Debug|Any CPU
		{D07ABCB3-C340-45DD-A440-CD10AC0EBB4E}.Debug|x86.ActiveCfg = Debug|x86
		{D07ABCB3-C340-45DD-A440-CD10AC0EBB4E}.Debug|x86.Build.0 = Debug|x86
		{D07ABCB3-C340-45DD-A440-CD10AC0EBB4E}.Release|Any CPU.ActiveCfg = Release|Any CPU
		{D07ABCB3-C340-45DD-A440-CD10AC0EBB4E}.Release|Any CPU.Build.0 = Release|Any CPU
		{D07ABCB3-C340-45DD-A440-CD10AC0EBB4E}.Release|x86.ActiveCfg = Release|x86
		{D07ABCB3-C340-45DD-A440-CD10AC0EBB4E}.Release|x86.Build.0 = Release|x86
		{A72DA8A3-C99F-400D-BBD9-AA77FE09DF6C}.Debug|Any CPU.ActiveCfg = Debug|Any CPU
		{A72DA8A3-C99F-400D-BBD9-AA77FE09DF6C}.Debug|Any CPU.Build.0 = Debug|Any CPU
		{A72DA8A3-C99F-400D-BBD9-AA77FE09DF6C}.Debug|x86.ActiveCfg = Debug|x86
		{A72DA8A3-C99F-400D-BBD9-AA77FE09DF6C}.Debug|x86.Build.0 = Debug|x86
		{A72DA8A3-C99F-400D-BBD9-AA77FE09DF6C}.Release|Any CPU.ActiveCfg = Release|Any CPU
		{A72DA8A3-C99F-400D-BBD9-AA77FE09DF6C}.Release|Any CPU.Build.0 = Release|Any CPU
		{A72DA8A3-C99F-400D-BBD9-AA77FE09DF6C}.Release|x86.ActiveCfg = Release|x86
		{A72DA8A3-C99F-400D-BBD9-AA77FE09DF6C}.Release|x86.Build.0 = Release|x86
		{D305997D-1210-4ED3-9BAF-9C93D2D3E127}.Debug|Any CPU.ActiveCfg = Debug|Any CPU
		{D305997D-1210-4ED3-9BAF-9C93D2D3E127}.Debug|Any CPU.Build.0 = Debug|Any CPU
		{D305997D-1210-4ED3-9BAF-9C93D2D3E127}.Debug|x86.ActiveCfg = Debug|x86
		{D305997D-1210-4ED3-9BAF-9C93D2D3E127}.Debug|x86.Build.0 = Debug|x86
		{D305997D-1210-4ED3-9BAF-9C93D2D3E127}.Release|Any CPU.ActiveCfg = Release|Any CPU
		{D305997D-1210-4ED3-9BAF-9C93D2D3E127}.Release|Any CPU.Build.0 = Release|Any CPU
		{D305997D-1210-4ED3-9BAF-9C93D2D3E127}.Release|x86.ActiveCfg = Release|x86
		{D305997D-1210-4ED3-9BAF-9C93D2D3E127}.Release|x86.Build.0 = Release|x86
		{E9B32749-D1C1-42D1-8D07-179AF39ACED3}.Debug|Any CPU.ActiveCfg = Debug|Any CPU
		{E9B32749-D1C1-42D1-8D07-179AF39ACED3}.Debug|Any CPU.Build.0 = Debug|Any CPU
		{E9B32749-D1C1-42D1-8D07-179AF39ACED3}.Debug|x86.ActiveCfg = Debug|Any CPU
		{E9B32749-D1C1-42D1-8D07-179AF39ACED3}.Release|Any CPU.ActiveCfg = Release|Any CPU
		{E9B32749-D1C1-42D1-8D07-179AF39ACED3}.Release|Any CPU.Build.0 = Release|Any CPU
		{E9B32749-D1C1-42D1-8D07-179AF39ACED3}.Release|x86.ActiveCfg = Release|Any CPU
		{4E100EC5-3784-4A74-A537-B2D33DF1B8A4}.Debug|Any CPU.ActiveCfg = Debug|Any CPU
		{4E100EC5-3784-4A74-A537-B2D33DF1B8A4}.Debug|Any CPU.Build.0 = Debug|Any CPU
		{4E100EC5-3784-4A74-A537-B2D33DF1B8A4}.Debug|x86.ActiveCfg = Debug|Any CPU
		{4E100EC5-3784-4A74-A537-B2D33DF1B8A4}.Release|Any CPU.ActiveCfg = Release|Any CPU
		{4E100EC5-3784-4A74-A537-B2D33DF1B8A4}.Release|Any CPU.Build.0 = Release|Any CPU
		{4E100EC5-3784-4A74-A537-B2D33DF1B8A4}.Release|x86.ActiveCfg = Release|Any CPU
		{F03680BF-8F4E-4691-92DD-D3A616C4DCC7}.Debug|Any CPU.ActiveCfg = Debug|Any CPU
		{F03680BF-8F4E-4691-92DD-D3A616C4DCC7}.Debug|Any CPU.Build.0 = Debug|Any CPU
		{F03680BF-8F4E-4691-92DD-D3A616C4DCC7}.Debug|x86.ActiveCfg = Debug|Any CPU
		{F03680BF-8F4E-4691-92DD-D3A616C4DCC7}.Release|Any CPU.ActiveCfg = Release|Any CPU
		{F03680BF-8F4E-4691-92DD-D3A616C4DCC7}.Release|Any CPU.Build.0 = Release|Any CPU
		{F03680BF-8F4E-4691-92DD-D3A616C4DCC7}.Release|x86.ActiveCfg = Release|Any CPU
		{50233FCB-7C0D-486B-A867-D8495FCF96A4}.Debug|Any CPU.ActiveCfg = Debug|Any CPU
		{50233FCB-7C0D-486B-A867-D8495FCF96A4}.Debug|Any CPU.Build.0 = Debug|Any CPU
		{50233FCB-7C0D-486B-A867-D8495FCF96A4}.Debug|x86.ActiveCfg = Debug|Any CPU
		{50233FCB-7C0D-486B-A867-D8495FCF96A4}.Release|Any CPU.ActiveCfg = Release|Any CPU
		{50233FCB-7C0D-486B-A867-D8495FCF96A4}.Release|Any CPU.Build.0 = Release|Any CPU
		{50233FCB-7C0D-486B-A867-D8495FCF96A4}.Release|x86.ActiveCfg = Release|Any CPU
		{B2DCE996-9BB7-4272-B2BB-C8EC61EEF6FC}.Debug|Any CPU.ActiveCfg = Debug|Any CPU
		{B2DCE996-9BB7-4272-B2BB-C8EC61EEF6FC}.Debug|Any CPU.Build.0 = Debug|Any CPU
		{B2DCE996-9BB7-4272-B2BB-C8EC61EEF6FC}.Debug|x86.ActiveCfg = Debug|Any CPU
		{B2DCE996-9BB7-4272-B2BB-C8EC61EEF6FC}.Release|Any CPU.ActiveCfg = Release|Any CPU
		{B2DCE996-9BB7-4272-B2BB-C8EC61EEF6FC}.Release|Any CPU.Build.0 = Release|Any CPU
		{B2DCE996-9BB7-4272-B2BB-C8EC61EEF6FC}.Release|x86.ActiveCfg = Release|Any CPU
		{53ECACC0-EE6E-413D-B2E5-9D017471B761}.Debug|Any CPU.ActiveCfg = Debug|Any CPU
		{53ECACC0-EE6E-413D-B2E5-9D017471B761}.Debug|Any CPU.Build.0 = Debug|Any CPU
		{53ECACC0-EE6E-413D-B2E5-9D017471B761}.Debug|x86.ActiveCfg = Debug|Any CPU
		{53ECACC0-EE6E-413D-B2E5-9D017471B761}.Release|Any CPU.ActiveCfg = Release|Any CPU
		{53ECACC0-EE6E-413D-B2E5-9D017471B761}.Release|Any CPU.Build.0 = Release|Any CPU
		{53ECACC0-EE6E-413D-B2E5-9D017471B761}.Release|x86.ActiveCfg = Release|Any CPU
		{F41473BD-A1DC-46D6-BD7B-1108E961F2FC}.Debug|Any CPU.ActiveCfg = Debug|Any CPU
		{F41473BD-A1DC-46D6-BD7B-1108E961F2FC}.Debug|Any CPU.Build.0 = Debug|Any CPU
		{F41473BD-A1DC-46D6-BD7B-1108E961F2FC}.Debug|x86.ActiveCfg = Debug|Any CPU
		{F41473BD-A1DC-46D6-BD7B-1108E961F2FC}.Release|Any CPU.ActiveCfg = Release|Any CPU
		{F41473BD-A1DC-46D6-BD7B-1108E961F2FC}.Release|Any CPU.Build.0 = Release|Any CPU
		{F41473BD-A1DC-46D6-BD7B-1108E961F2FC}.Release|x86.ActiveCfg = Release|Any CPU
		{32DC3DFC-DDC5-4FCA-898A-9F1F9C18074C}.Debug|Any CPU.ActiveCfg = Debug|Any CPU
		{32DC3DFC-DDC5-4FCA-898A-9F1F9C18074C}.Debug|Any CPU.Build.0 = Debug|Any CPU
		{32DC3DFC-DDC5-4FCA-898A-9F1F9C18074C}.Debug|x86.ActiveCfg = Debug|Any CPU
		{32DC3DFC-DDC5-4FCA-898A-9F1F9C18074C}.Release|Any CPU.ActiveCfg = Release|Any CPU
		{32DC3DFC-DDC5-4FCA-898A-9F1F9C18074C}.Release|Any CPU.Build.0 = Release|Any CPU
		{32DC3DFC-DDC5-4FCA-898A-9F1F9C18074C}.Release|x86.ActiveCfg = Release|Any CPU
		{7D1EB9EB-4D53-451F-AFE4-C64B45ABC131}.Debug|Any CPU.ActiveCfg = Debug|Any CPU
		{7D1EB9EB-4D53-451F-AFE4-C64B45ABC131}.Debug|Any CPU.Build.0 = Debug|Any CPU
		{7D1EB9EB-4D53-451F-AFE4-C64B45ABC131}.Debug|x86.ActiveCfg = Debug|Any CPU
		{7D1EB9EB-4D53-451F-AFE4-C64B45ABC131}.Release|Any CPU.ActiveCfg = Release|Any CPU
		{7D1EB9EB-4D53-451F-AFE4-C64B45ABC131}.Release|Any CPU.Build.0 = Release|Any CPU
		{7D1EB9EB-4D53-451F-AFE4-C64B45ABC131}.Release|x86.ActiveCfg = Release|Any CPU
		{1D82D9C1-DDDE-4D1D-AE53-9EBAB8E1135C}.Debug|Any CPU.ActiveCfg = Debug|Any CPU
		{1D82D9C1-DDDE-4D1D-AE53-9EBAB8E1135C}.Debug|Any CPU.Build.0 = Debug|Any CPU
		{1D82D9C1-DDDE-4D1D-AE53-9EBAB8E1135C}.Debug|x86.ActiveCfg = Debug|Any CPU
		{1D82D9C1-DDDE-4D1D-AE53-9EBAB8E1135C}.Release|Any CPU.ActiveCfg = Release|Any CPU
		{1D82D9C1-DDDE-4D1D-AE53-9EBAB8E1135C}.Release|Any CPU.Build.0 = Release|Any CPU
		{1D82D9C1-DDDE-4D1D-AE53-9EBAB8E1135C}.Release|x86.ActiveCfg = Release|Any CPU
		{07260585-EB27-4A45-B90F-C427BDF38E42}.Debug|Any CPU.ActiveCfg = Debug|Any CPU
		{07260585-EB27-4A45-B90F-C427BDF38E42}.Debug|Any CPU.Build.0 = Debug|Any CPU
		{07260585-EB27-4A45-B90F-C427BDF38E42}.Debug|x86.ActiveCfg = Debug|Any CPU
		{07260585-EB27-4A45-B90F-C427BDF38E42}.Release|Any CPU.ActiveCfg = Release|Any CPU
		{07260585-EB27-4A45-B90F-C427BDF38E42}.Release|Any CPU.Build.0 = Release|Any CPU
		{07260585-EB27-4A45-B90F-C427BDF38E42}.Release|x86.ActiveCfg = Release|Any CPU
		{EBB413D3-D7EF-4C02-97DE-701B69CA3AA8}.Debug|Any CPU.ActiveCfg = Debug|Any CPU
		{EBB413D3-D7EF-4C02-97DE-701B69CA3AA8}.Debug|Any CPU.Build.0 = Debug|Any CPU
		{EBB413D3-D7EF-4C02-97DE-701B69CA3AA8}.Debug|x86.ActiveCfg = Debug|Any CPU
		{EBB413D3-D7EF-4C02-97DE-701B69CA3AA8}.Release|Any CPU.ActiveCfg = Release|Any CPU
		{EBB413D3-D7EF-4C02-97DE-701B69CA3AA8}.Release|Any CPU.Build.0 = Release|Any CPU
		{EBB413D3-D7EF-4C02-97DE-701B69CA3AA8}.Release|x86.ActiveCfg = Release|Any CPU
		{E15AA689-56BD-4FD2-93A0-B83E205E2980}.Debug|Any CPU.ActiveCfg = Debug|Any CPU
		{E15AA689-56BD-4FD2-93A0-B83E205E2980}.Debug|Any CPU.Build.0 = Debug|Any CPU
		{E15AA689-56BD-4FD2-93A0-B83E205E2980}.Debug|x86.ActiveCfg = Debug|Any CPU
		{E15AA689-56BD-4FD2-93A0-B83E205E2980}.Release|Any CPU.ActiveCfg = Release|Any CPU
		{E15AA689-56BD-4FD2-93A0-B83E205E2980}.Release|Any CPU.Build.0 = Release|Any CPU
		{E15AA689-56BD-4FD2-93A0-B83E205E2980}.Release|x86.ActiveCfg = Release|Any CPU
		{1245A56B-178D-4797-B4F9-5804C8A2D3E7}.Debug|Any CPU.ActiveCfg = Debug|Any CPU
		{1245A56B-178D-4797-B4F9-5804C8A2D3E7}.Debug|Any CPU.Build.0 = Debug|Any CPU
		{1245A56B-178D-4797-B4F9-5804C8A2D3E7}.Debug|x86.ActiveCfg = Debug|Any CPU
		{1245A56B-178D-4797-B4F9-5804C8A2D3E7}.Release|Any CPU.ActiveCfg = Release|Any CPU
		{1245A56B-178D-4797-B4F9-5804C8A2D3E7}.Release|Any CPU.Build.0 = Release|Any CPU
		{1245A56B-178D-4797-B4F9-5804C8A2D3E7}.Release|x86.ActiveCfg = Release|Any CPU
		{3122DEA9-8024-429C-BE6A-1F773DA2D460}.Debug|Any CPU.ActiveCfg = Debug|Any CPU
		{3122DEA9-8024-429C-BE6A-1F773DA2D460}.Debug|Any CPU.Build.0 = Debug|Any CPU
		{3122DEA9-8024-429C-BE6A-1F773DA2D460}.Debug|x86.ActiveCfg = Debug|Any CPU
		{3122DEA9-8024-429C-BE6A-1F773DA2D460}.Release|Any CPU.ActiveCfg = Release|Any CPU
		{3122DEA9-8024-429C-BE6A-1F773DA2D460}.Release|Any CPU.Build.0 = Release|Any CPU
		{3122DEA9-8024-429C-BE6A-1F773DA2D460}.Release|x86.ActiveCfg = Release|Any CPU
		{B0FE6CF5-8F58-427D-A151-DEE2E9F78151}.Debug|Any CPU.ActiveCfg = Debug|Any CPU
		{B0FE6CF5-8F58-427D-A151-DEE2E9F78151}.Debug|Any CPU.Build.0 = Debug|Any CPU
		{B0FE6CF5-8F58-427D-A151-DEE2E9F78151}.Debug|x86.ActiveCfg = Debug|Any CPU
		{B0FE6CF5-8F58-427D-A151-DEE2E9F78151}.Release|Any CPU.ActiveCfg = Release|Any CPU
		{B0FE6CF5-8F58-427D-A151-DEE2E9F78151}.Release|Any CPU.Build.0 = Release|Any CPU
		{B0FE6CF5-8F58-427D-A151-DEE2E9F78151}.Release|x86.ActiveCfg = Release|Any CPU
		{B2EE99E4-82CD-464A-B9D1-100FFECEED6A}.Debug|Any CPU.ActiveCfg = Debug|Any CPU
		{B2EE99E4-82CD-464A-B9D1-100FFECEED6A}.Debug|Any CPU.Build.0 = Debug|Any CPU
		{B2EE99E4-82CD-464A-B9D1-100FFECEED6A}.Debug|x86.ActiveCfg = Debug|Any CPU
		{B2EE99E4-82CD-464A-B9D1-100FFECEED6A}.Release|Any CPU.ActiveCfg = Release|Any CPU
		{B2EE99E4-82CD-464A-B9D1-100FFECEED6A}.Release|Any CPU.Build.0 = Release|Any CPU
		{B2EE99E4-82CD-464A-B9D1-100FFECEED6A}.Release|x86.ActiveCfg = Release|Any CPU
		{3D1A339B-46A9-4348-A512-1055BC2EEC2F}.Debug|Any CPU.ActiveCfg = Debug|Any CPU
		{3D1A339B-46A9-4348-A512-1055BC2EEC2F}.Debug|Any CPU.Build.0 = Debug|Any CPU
		{3D1A339B-46A9-4348-A512-1055BC2EEC2F}.Debug|x86.ActiveCfg = Debug|Any CPU
		{3D1A339B-46A9-4348-A512-1055BC2EEC2F}.Release|Any CPU.ActiveCfg = Release|Any CPU
		{3D1A339B-46A9-4348-A512-1055BC2EEC2F}.Release|Any CPU.Build.0 = Release|Any CPU
		{3D1A339B-46A9-4348-A512-1055BC2EEC2F}.Release|x86.ActiveCfg = Release|Any CPU
	EndGlobalSection
	GlobalSection(SolutionProperties) = preSolution
		HideSolutionNode = FALSE
	EndGlobalSection
	GlobalSection(NestedProjects) = preSolution
		{1852B1B1-91E5-4005-941A-C9093DE15BB1} = {62DDE709-AE4E-4A12-9E7A-858AEF230865}
		{51CF7FEA-2572-4D13-B70E-3DC2B59C09E9} = {62DDE709-AE4E-4A12-9E7A-858AEF230865}
		{56C70F66-7E12-48A8-A452-B26B642A2F32} = {B47BC6D6-EA00-4207-A21D-7039FE4FD8FB}
		{821F2FA6-1F44-4621-84DE-96E65E35610D} = {B47BC6D6-EA00-4207-A21D-7039FE4FD8FB}
		{4E100EC5-3784-4A74-A537-B2D33DF1B8A4} = {B47BC6D6-EA00-4207-A21D-7039FE4FD8FB}
		{50233FCB-7C0D-486B-A867-D8495FCF96A4} = {B47BC6D6-EA00-4207-A21D-7039FE4FD8FB}
		{F41473BD-A1DC-46D6-BD7B-1108E961F2FC} = {B47BC6D6-EA00-4207-A21D-7039FE4FD8FB}
		{101ED2BA-2609-497A-93B7-42F7BDAD5DED} = {2F38876F-0E67-4C91-B250-6DB62E18CA10}
		{A47356A5-70B0-47B1-99E0-952610DF4BFF} = {2F38876F-0E67-4C91-B250-6DB62E18CA10}
		{F03680BF-8F4E-4691-92DD-D3A616C4DCC7} = {2F38876F-0E67-4C91-B250-6DB62E18CA10}
		{0910615E-A45A-44EB-9475-43AC411C7BF5} = {BF38B85A-2E72-49C1-A876-74E89208644A}
		{99265A53-1080-41D1-BFF3-4E61A0E38192} = {BF38B85A-2E72-49C1-A876-74E89208644A}
		{46A7AA5A-7FCF-4690-9348-965E32FB9EB4} = {BF38B85A-2E72-49C1-A876-74E89208644A}
		{4948B20F-C746-4B59-A4F6-65E4EAAFD988} = {BF38B85A-2E72-49C1-A876-74E89208644A}
		{D07ABCB3-C340-45DD-A440-CD10AC0EBB4E} = {BF38B85A-2E72-49C1-A876-74E89208644A}
		{A72DA8A3-C99F-400D-BBD9-AA77FE09DF6C} = {BF38B85A-2E72-49C1-A876-74E89208644A}
		{D305997D-1210-4ED3-9BAF-9C93D2D3E127} = {BF38B85A-2E72-49C1-A876-74E89208644A}
		{32DC3DFC-DDC5-4FCA-898A-9F1F9C18074C} = {BF38B85A-2E72-49C1-A876-74E89208644A}
		{0842B446-7437-4F12-958D-5E6C7C4A994A} = {A33358E0-31CF-4454-A5CC-5CA728A6C8BA}
		{323C9AAE-26FA-4075-892F-8169586B3504} = {A33358E0-31CF-4454-A5CC-5CA728A6C8BA}
		{7D1EB9EB-4D53-451F-AFE4-C64B45ABC131} = {A33358E0-31CF-4454-A5CC-5CA728A6C8BA}
		{1245A56B-178D-4797-B4F9-5804C8A2D3E7} = {A33358E0-31CF-4454-A5CC-5CA728A6C8BA}
		{3122DEA9-8024-429C-BE6A-1F773DA2D460} = {A33358E0-31CF-4454-A5CC-5CA728A6C8BA}
		{B0FE6CF5-8F58-427D-A151-DEE2E9F78151} = {A33358E0-31CF-4454-A5CC-5CA728A6C8BA}
		{B2EE99E4-82CD-464A-B9D1-100FFECEED6A} = {A33358E0-31CF-4454-A5CC-5CA728A6C8BA}
		{AF717E4F-9514-4C41-B2B2-765A20B37C2D} = {FEDE332F-92A0-4B56-B492-4C1CCC1820BD}
		{4961C843-47F8-4BB8-83BD-DE8551F3E20B} = {FEDE332F-92A0-4B56-B492-4C1CCC1820BD}
		{8F18AD9D-5A0A-421A-A0B2-DBE460B53502} = {FEDE332F-92A0-4B56-B492-4C1CCC1820BD}
		{CB083C9B-32D9-4582-95D0-980E3C9F6423} = {FEDE332F-92A0-4B56-B492-4C1CCC1820BD}
		{3CF55682-37A8-4C1E-B1A8-C4D7C58B1B38} = {FEDE332F-92A0-4B56-B492-4C1CCC1820BD}
		{E9B32749-D1C1-42D1-8D07-179AF39ACED3} = {FEDE332F-92A0-4B56-B492-4C1CCC1820BD}
		{53ECACC0-EE6E-413D-B2E5-9D017471B761} = {FEDE332F-92A0-4B56-B492-4C1CCC1820BD}
		{1D82D9C1-DDDE-4D1D-AE53-9EBAB8E1135C} = {FEDE332F-92A0-4B56-B492-4C1CCC1820BD}
		{07260585-EB27-4A45-B90F-C427BDF38E42} = {FEDE332F-92A0-4B56-B492-4C1CCC1820BD}
		{EBB413D3-D7EF-4C02-97DE-701B69CA3AA8} = {FEDE332F-92A0-4B56-B492-4C1CCC1820BD}
		{E15AA689-56BD-4FD2-93A0-B83E205E2980} = {FEDE332F-92A0-4B56-B492-4C1CCC1820BD}
		{3D1A339B-46A9-4348-A512-1055BC2EEC2F} = {FEDE332F-92A0-4B56-B492-4C1CCC1820BD}
	EndGlobalSection
EndGlobal
